
Microsoft Visual Studio Solution File, Format Version 12.00
# Visual Studio Version 17
VisualStudioVersion = 17.8.34330.188
MinimumVisualStudioVersion = 10.0.40219.1
Project("{FAE04EC0-301F-11D3-BF4B-00C04F79EFBC}") = "Ionasca_Tabita_Lab1(1)", "Ionasca_Tabita_Lab1(1)\Ionasca_Tabita_Lab1(1).csproj", "{7A5A0D58-3787-44AE-8EE1-50BA5E18400D}"
EndProject
Global
	GlobalSection(SolutionConfigurationPlatforms) = preSolution
		Debug|Any CPU = Debug|Any CPU
		Release|Any CPU = Release|Any CPU
	EndGlobalSection
	GlobalSection(ProjectConfigurationPlatforms) = postSolution
		{7A5A0D58-3787-44AE-8EE1-50BA5E18400D}.Debug|Any CPU.ActiveCfg = Debug|Any CPU
		{7A5A0D58-3787-44AE-8EE1-50BA5E18400D}.Debug|Any CPU.Build.0 = Debug|Any CPU
		{7A5A0D58-3787-44AE-8EE1-50BA5E18400D}.Release|Any CPU.ActiveCfg = Release|Any CPU
		{7A5A0D58-3787-44AE-8EE1-50BA5E18400D}.Release|Any CPU.Build.0 = Release|Any CPU
	EndGlobalSection
	GlobalSection(SolutionProperties) = preSolution
		HideSolutionNode = FALSE
	EndGlobalSection
	GlobalSection(ExtensibilityGlobals) = postSolution
		SolutionGuid = {26A54F05-C45F-489E-8A89-55D5C6AEA788}
	EndGlobalSection
EndGlobal
